// !$*UTF8*$!
{
	archiveVersion = 1;
	classes = {
	};
	objectVersion = 46;
	objects = {

/* Begin PBXAggregateTarget section */
		9243195219F28D66002D4F78 /* All */ = {
			isa = PBXAggregateTarget;
			buildConfigurationList = 9243195319F28D66002D4F78 /* Build configuration list for PBXAggregateTarget "All" */;
			buildPhases = (
			);
			dependencies = (
				9243195919F28D72002D4F78 /* PBXTargetDependency */,
				9243195719F28D6E002D4F78 /* PBXTargetDependency */,
			);
			name = All;
			productName = Install;
		};
		92478EAE19EC3A94001050E7 /* Kexts */ = {
			isa = PBXAggregateTarget;
			buildConfigurationList = 92478EB319EC3A94001050E7 /* Build configuration list for PBXAggregateTarget "Kexts" */;
			buildPhases = (
			);
			dependencies = (
				92478EB719EC3AA6001050E7 /* PBXTargetDependency */,
				92478EB519EC3AA3001050E7 /* PBXTargetDependency */,
			);
			name = Kexts;
			productName = Kexts;
		};
/* End PBXAggregateTarget section */

/* Begin PBXContainerItemProxy section */
		9243195019F28A4A002D4F78 /* PBXContainerItemProxy */ = {
			isa = PBXContainerItemProxy;
			containerPortal = 9243194C19F28A4A002D4F78 /* vncserver.xcodeproj */;
			proxyType = 2;
			remoteGlobalIDString = 9216370A19ED525F007A45D7;
			remoteInfo = vncserver;
		};
		9243195619F28D6E002D4F78 /* PBXContainerItemProxy */ = {
			isa = PBXContainerItemProxy;
			containerPortal = 92478E6E19EC38C4001050E7 /* Project object */;
			proxyType = 1;
			remoteGlobalIDString = 92478EAE19EC3A94001050E7;
			remoteInfo = Kexts;
		};
		9243195819F28D72002D4F78 /* PBXContainerItemProxy */ = {
			isa = PBXContainerItemProxy;
			containerPortal = 9243194C19F28A4A002D4F78 /* vncserver.xcodeproj */;
			proxyType = 1;
			remoteGlobalIDString = 9216370919ED525F007A45D7;
			remoteInfo = vncserver;
		};
		92478E9019EC39CE001050E7 /* PBXContainerItemProxy */ = {
			isa = PBXContainerItemProxy;
			containerPortal = 92478E8919EC39CE001050E7 /* IOProxyVideoFamily.xcodeproj */;
			proxyType = 2;
			remoteGlobalIDString = 32D94FD00562CBF700B6AF17;
			remoteInfo = IOProxyVideoCard;
		};
		92478EAA19EC39E7001050E7 /* PBXContainerItemProxy */ = {
			isa = PBXContainerItemProxy;
			containerPortal = 92478EA619EC39E7001050E7 /* IOProxyFramebuffer.xcodeproj */;
			proxyType = 2;
			remoteGlobalIDString = 32D94FD00562CBF700B6AF17;
			remoteInfo = IOProxyFramebuffer;
		};
		92478EB419EC3AA3001050E7 /* PBXContainerItemProxy */ = {
			isa = PBXContainerItemProxy;
			containerPortal = 92478EA619EC39E7001050E7 /* IOProxyFramebuffer.xcodeproj */;
			proxyType = 1;
			remoteGlobalIDString = 32D94FC30562CBF700B6AF17;
			remoteInfo = IOProxyFramebuffer;
		};
		92478EB619EC3AA6001050E7 /* PBXContainerItemProxy */ = {
			isa = PBXContainerItemProxy;
			containerPortal = 92478E8919EC39CE001050E7 /* IOProxyVideoFamily.xcodeproj */;
			proxyType = 1;
			remoteGlobalIDString = 32D94FC30562CBF700B6AF17;
			remoteInfo = IOProxyVideoCard;
		};
/* End PBXContainerItemProxy section */

/* Begin PBXFileReference section */
		9243194C19F28A4A002D4F78 /* vncserver.xcodeproj */ = {isa = PBXFileReference; lastKnownFileType = "wrapper.pb-project"; name = vncserver.xcodeproj; path = vncserver/vncserver.xcodeproj; sourceTree = "<group>"; };
		92478E8919EC39CE001050E7 /* IOProxyVideoFamily.xcodeproj */ = {isa = PBXFileReference; lastKnownFileType = "wrapper.pb-project"; name = IOProxyVideoFamily.xcodeproj; path = ioproxyvideofamily/IOProxyVideoFamily/IOProxyVideoFamily.xcodeproj; sourceTree = "<group>"; };
		92478EA619EC39E7001050E7 /* IOProxyFramebuffer.xcodeproj */ = {isa = PBXFileReference; lastKnownFileType = "wrapper.pb-project"; name = IOProxyFramebuffer.xcodeproj; path = ioproxyvideofamily/IOProxyFramebuffer/IOProxyFramebuffer.xcodeproj; sourceTree = "<group>"; };
/* End PBXFileReference section */

/* Begin PBXGroup section */
		9243194D19F28A4A002D4F78 /* Products */ = {
			isa = PBXGroup;
			children = (
				9243195119F28A4A002D4F78 /* vncserver */,
			);
			name = Products;
			sourceTree = "<group>";
		};
		92478E6D19EC38C4001050E7 = {
			isa = PBXGroup;
			children = (
				92478EA619EC39E7001050E7 /* IOProxyFramebuffer.xcodeproj */,
				92478E8919EC39CE001050E7 /* IOProxyVideoFamily.xcodeproj */,
				9243194C19F28A4A002D4F78 /* vncserver.xcodeproj */,
			);
			sourceTree = "<group>";
		};
		92478E8A19EC39CE001050E7 /* Products */ = {
			isa = PBXGroup;
			children = (
				92478E9119EC39CE001050E7 /* IOProxyVideoCard.kext */,
			);
			name = Products;
			sourceTree = "<group>";
		};
		92478EA719EC39E7001050E7 /* Products */ = {
			isa = PBXGroup;
			children = (
				92478EAB19EC39E7001050E7 /* IOProxyFramebuffer.kext */,
			);
			name = Products;
			sourceTree = "<group>";
		};
/* End PBXGroup section */

/* Begin PBXProject section */
		92478E6E19EC38C4001050E7 /* Project object */ = {
			isa = PBXProject;
			attributes = {
				LastUpgradeCheck = 0510;
			};
			buildConfigurationList = 92478E7119EC38C4001050E7 /* Build configuration list for PBXProject "Satellite" */;
			compatibilityVersion = "Xcode 3.2";
			developmentRegion = English;
			hasScannedForEncodings = 0;
			knownRegions = (
				en,
			);
			mainGroup = 92478E6D19EC38C4001050E7;
			projectDirPath = "";
			projectReferences = (
				{
					ProductGroup = 92478EA719EC39E7001050E7 /* Products */;
					ProjectRef = 92478EA619EC39E7001050E7 /* IOProxyFramebuffer.xcodeproj */;
				},
				{
					ProductGroup = 92478E8A19EC39CE001050E7 /* Products */;
					ProjectRef = 92478E8919EC39CE001050E7 /* IOProxyVideoFamily.xcodeproj */;
				},
				{
					ProductGroup = 9243194D19F28A4A002D4F78 /* Products */;
					ProjectRef = 9243194C19F28A4A002D4F78 /* vncserver.xcodeproj */;
				},
			);
			projectRoot = "";
			targets = (
				92478EAE19EC3A94001050E7 /* Kexts */,
				9243195219F28D66002D4F78 /* All */,
			);
		};
/* End PBXProject section */

/* Begin PBXReferenceProxy section */
		9243195119F28A4A002D4F78 /* vncserver */ = {
			isa = PBXReferenceProxy;
			fileType = "compiled.mach-o.executable";
			path = vncserver;
			remoteRef = 9243195019F28A4A002D4F78 /* PBXContainerItemProxy */;
			sourceTree = BUILT_PRODUCTS_DIR;
		};
		92478E9119EC39CE001050E7 /* IOProxyVideoCard.kext */ = {
			isa = PBXReferenceProxy;
			fileType = wrapper.cfbundle;
			path = IOProxyVideoCard.kext;
			remoteRef = 92478E9019EC39CE001050E7 /* PBXContainerItemProxy */;
			sourceTree = BUILT_PRODUCTS_DIR;
		};
		92478EAB19EC39E7001050E7 /* IOProxyFramebuffer.kext */ = {
			isa = PBXReferenceProxy;
			fileType = wrapper.cfbundle;
			path = IOProxyFramebuffer.kext;
			remoteRef = 92478EAA19EC39E7001050E7 /* PBXContainerItemProxy */;
			sourceTree = BUILT_PRODUCTS_DIR;
		};
/* End PBXReferenceProxy section */

/* Begin PBXTargetDependency section */
		9243195719F28D6E002D4F78 /* PBXTargetDependency */ = {
			isa = PBXTargetDependency;
			target = 92478EAE19EC3A94001050E7 /* Kexts */;
			targetProxy = 9243195619F28D6E002D4F78 /* PBXContainerItemProxy */;
		};
		9243195919F28D72002D4F78 /* PBXTargetDependency */ = {
			isa = PBXTargetDependency;
			name = vncserver;
			targetProxy = 9243195819F28D72002D4F78 /* PBXContainerItemProxy */;
		};
		92478EB519EC3AA3001050E7 /* PBXTargetDependency */ = {
			isa = PBXTargetDependency;
			name = IOProxyFramebuffer;
			targetProxy = 92478EB419EC3AA3001050E7 /* PBXContainerItemProxy */;
		};
		92478EB719EC3AA6001050E7 /* PBXTargetDependency */ = {
			isa = PBXTargetDependency;
			name = IOProxyVideoCard;
			targetProxy = 92478EB619EC3AA6001050E7 /* PBXContainerItemProxy */;
		};
/* End PBXTargetDependency section */

/* Begin XCBuildConfiguration section */
		9243195419F28D66002D4F78 /* Debug */ = {
			isa = XCBuildConfiguration;
			buildSettings = {
				PRODUCT_NAME = "$(TARGET_NAME)";
			};
			name = Debug;
		};
		9243195519F28D66002D4F78 /* Release */ = {
			isa = XCBuildConfiguration;
			buildSettings = {
				PRODUCT_NAME = "$(TARGET_NAME)";
			};
			name = Release;
		};
		92478E7219EC38C4001050E7 /* Debug */ = {
			isa = XCBuildConfiguration;
			buildSettings = {
			};
			name = Debug;
		};
		92478E7319EC38C4001050E7 /* Release */ = {
			isa = XCBuildConfiguration;
			buildSettings = {
			};
			name = Release;
		};
		92478EAF19EC3A94001050E7 /* Debug */ = {
			isa = XCBuildConfiguration;
			buildSettings = {
				PRODUCT_NAME = "$(TARGET_NAME)";
			};
			name = Debug;
		};
		92478EB019EC3A94001050E7 /* Release */ = {
			isa = XCBuildConfiguration;
			buildSettings = {
				PRODUCT_NAME = "$(TARGET_NAME)";
			};
			name = Release;
		};
/* End XCBuildConfiguration section */

/* Begin XCConfigurationList section */
		9243195319F28D66002D4F78 /* Build configuration list for PBXAggregateTarget "All" */ = {
			isa = XCConfigurationList;
			buildConfigurations = (
				9243195419F28D66002D4F78 /* Debug */,
				9243195519F28D66002D4F78 /* Release */,
			);
			defaultConfigurationIsVisible = 0;
		};
		92478E7119EC38C4001050E7 /* Build configuration list for PBXProject "Satellite" */ = {
			isa = XCConfigurationList;
			buildConfigurations = (
				92478E7219EC38C4001050E7 /* Debug */,
				92478E7319EC38C4001050E7 /* Release */,
			);
			defaultConfigurationIsVisible = 0;
			defaultConfigurationName = Release;
		};
		92478EB319EC3A94001050E7 /* Build configuration list for PBXAggregateTarget "Kexts" */ = {
			isa = XCConfigurationList;
			buildConfigurations = (
				92478EAF19EC3A94001050E7 /* Debug */,
				92478EB019EC3A94001050E7 /* Release */,
			);
			defaultConfigurationIsVisible = 0;
			defaultConfigurationName = Release;
		};
/* End XCConfigurationList section */
	};
	rootObject = 92478E6E19EC38C4001050E7 /* Project object */;
}
