// !$*UTF8*$!
{
	archiveVersion = 1;
	classes = {
	};
	objectVersion = 42;
	objects = {

/* Begin PBXBuildFile section */
		92AA4C6B19F2970E002EF2DC /* Cocoa.framework in Frameworks */ = {isa = PBXBuildFile; fileRef = BA5A04A00B30DFC1000D19F9 /* Cocoa.framework */; };
		92AA4C9C19F2971C002EF2DC /* main.m in Sources */ = {isa = PBXBuildFile; fileRef = BAA6579B0C9A6DF60023D201 /* main.m */; };
		92AA4C9D19F2971C002EF2DC /* AppController.m in Sources */ = {isa = PBXBuildFile; fileRef = BAA6579C0C9A6DF60023D201 /* AppController.m */; };
		92AA4C9E19F29723002EF2DC /* MainMenu.nib in Resources */ = {isa = PBXBuildFile; fileRef = BAA657A40C9A6E1E0023D201 /* MainMenu.nib */; };
		92AA4CA019F2972B002EF2DC /* jim.icns in Resources */ = {isa = PBXBuildFile; fileRef = BAA657A20C9A6E1E0023D201 /* jim.icns */; };
		92AA4CA119F2972F002EF2DC /* InfoPlist.strings in Resources */ = {isa = PBXBuildFile; fileRef = BAA657A00C9A6E1E0023D201 /* InfoPlist.strings */; };
		92AA4CA319F297AF002EF2DC /* IOKit.framework in Frameworks */ = {isa = PBXBuildFile; fileRef = 92AA4CA219F297AF002EF2DC /* IOKit.framework */; };
		BA5A01B40B30DF0D000D19F9 /* UserClientCommon.h in Headers */ = {isa = PBXBuildFile; fileRef = BA5A01B30B30DF0C000D19F9 /* UserClientCommon.h */; };
		BA5A085A0B30E0B0000D19F9 /* VideoCard-Info.plist in Resources */ = {isa = PBXBuildFile; fileRef = BA5A08570B30E0B0000D19F9 /* VideoCard-Info.plist */; };
		BA5A085B0B30E0B0000D19F9 /* IOProxyVideoCard.cpp in Sources */ = {isa = PBXBuildFile; fileRef = BA5A08580B30E0B0000D19F9 /* IOProxyVideoCard.cpp */; };
		BA5A085C0B30E0B0000D19F9 /* IOProxyVideoCard.h in Headers */ = {isa = PBXBuildFile; fileRef = BA5A08590B30E0B0000D19F9 /* IOProxyVideoCard.h */; };
		BA5A08690B30E18C000D19F9 /* IOProxyVideoCardUserClient.h in Headers */ = {isa = PBXBuildFile; fileRef = BA5A08670B30E18C000D19F9 /* IOProxyVideoCardUserClient.h */; };
		BA5A086A0B30E18C000D19F9 /* IOProxyVideoCardUserClient.cpp in Sources */ = {isa = PBXBuildFile; fileRef = BA5A08680B30E18C000D19F9 /* IOProxyVideoCardUserClient.cpp */; };
/* End PBXBuildFile section */

/* Begin PBXFileReference section */
		32D94FD00562CBF700B6AF17 /* IOProxyVideoCard.kext */ = {isa = PBXFileReference; explicitFileType = wrapper.cfbundle; includeInIndex = 0; path = IOProxyVideoCard.kext; sourceTree = BUILT_PRODUCTS_DIR; };
		8DA8362C06AD9B9200E5AC22 /* Kernel.framework */ = {isa = PBXFileReference; lastKnownFileType = wrapper.framework; name = Kernel.framework; path = /System/Library/Frameworks/Kernel.framework; sourceTree = "<absolute>"; };
		92AA4C6A19F2970E002EF2DC /* ProxyControl.app */ = {isa = PBXFileReference; explicitFileType = wrapper.application; includeInIndex = 0; path = ProxyControl.app; sourceTree = BUILT_PRODUCTS_DIR; };
		92AA4C6D19F2970E002EF2DC /* AppKit.framework */ = {isa = PBXFileReference; lastKnownFileType = wrapper.framework; name = AppKit.framework; path = System/Library/Frameworks/AppKit.framework; sourceTree = SDKROOT; };
		92AA4C6E19F2970E002EF2DC /* CoreData.framework */ = {isa = PBXFileReference; lastKnownFileType = wrapper.framework; name = CoreData.framework; path = System/Library/Frameworks/CoreData.framework; sourceTree = SDKROOT; };
		92AA4C6F19F2970E002EF2DC /* Foundation.framework */ = {isa = PBXFileReference; lastKnownFileType = wrapper.framework; name = Foundation.framework; path = System/Library/Frameworks/Foundation.framework; sourceTree = SDKROOT; };
		92AA4C8919F2970E002EF2DC /* XCTest.framework */ = {isa = PBXFileReference; lastKnownFileType = wrapper.framework; name = XCTest.framework; path = Library/Frameworks/XCTest.framework; sourceTree = SYSTEM_DEVELOPER_DIR; };
		92AA4CA219F297AF002EF2DC /* IOKit.framework */ = {isa = PBXFileReference; lastKnownFileType = wrapper.framework; name = IOKit.framework; path = System/Library/Frameworks/IOKit.framework; sourceTree = SDKROOT; };
		BA193BDF0B30B52A005DA951 /* Framebuffer-Info.plist */ = {isa = PBXFileReference; fileEncoding = 4; lastKnownFileType = text.plist.xml; path = "Framebuffer-Info.plist"; sourceTree = "<group>"; };
		BA193BE10B30B550005DA951 /* IOProxyFramebuffer.h */ = {isa = PBXFileReference; fileEncoding = 4; lastKnownFileType = sourcecode.c.h; path = IOProxyFramebuffer.h; sourceTree = "<group>"; };
		BA193BE20B30B550005DA951 /* IOProxyFramebuffer.cpp */ = {isa = PBXFileReference; fileEncoding = 4; lastKnownFileType = sourcecode.cpp.cpp; path = IOProxyFramebuffer.cpp; sourceTree = "<group>"; };
		BA5A01B30B30DF0C000D19F9 /* UserClientCommon.h */ = {isa = PBXFileReference; fileEncoding = 4; lastKnownFileType = sourcecode.c.h; path = UserClientCommon.h; sourceTree = "<group>"; };
		BA5A049B0B30DFC1000D19F9 /* IOKit.framework */ = {isa = PBXFileReference; lastKnownFileType = wrapper.framework; name = IOKit.framework; path = /System/Library/Frameworks/IOKit.framework; sourceTree = "<absolute>"; };
		BA5A049C0B30DFC1000D19F9 /* ApplicationServices.framework */ = {isa = PBXFileReference; lastKnownFileType = wrapper.framework; name = ApplicationServices.framework; path = /System/Library/Frameworks/ApplicationServices.framework; sourceTree = "<absolute>"; };
		BA5A049D0B30DFC1000D19F9 /* AppKit.framework */ = {isa = PBXFileReference; lastKnownFileType = wrapper.framework; name = AppKit.framework; path = /System/Library/Frameworks/AppKit.framework; sourceTree = "<absolute>"; };
		BA5A049E0B30DFC1000D19F9 /* CoreData.framework */ = {isa = PBXFileReference; lastKnownFileType = wrapper.framework; name = CoreData.framework; path = /System/Library/Frameworks/CoreData.framework; sourceTree = "<absolute>"; };
		BA5A049F0B30DFC1000D19F9 /* Foundation.framework */ = {isa = PBXFileReference; lastKnownFileType = wrapper.framework; name = Foundation.framework; path = /System/Library/Frameworks/Foundation.framework; sourceTree = "<absolute>"; };
		BA5A04A00B30DFC1000D19F9 /* Cocoa.framework */ = {isa = PBXFileReference; lastKnownFileType = wrapper.framework; name = Cocoa.framework; path = /System/Library/Frameworks/Cocoa.framework; sourceTree = "<absolute>"; };
		BA5A08570B30E0B0000D19F9 /* VideoCard-Info.plist */ = {isa = PBXFileReference; fileEncoding = 4; lastKnownFileType = text.plist.xml; path = "VideoCard-Info.plist"; sourceTree = "<group>"; };
		BA5A08580B30E0B0000D19F9 /* IOProxyVideoCard.cpp */ = {isa = PBXFileReference; fileEncoding = 4; lastKnownFileType = sourcecode.cpp.cpp; path = IOProxyVideoCard.cpp; sourceTree = "<group>"; };
		BA5A08590B30E0B0000D19F9 /* IOProxyVideoCard.h */ = {isa = PBXFileReference; fileEncoding = 4; lastKnownFileType = sourcecode.c.h; path = IOProxyVideoCard.h; sourceTree = "<group>"; };
		BA5A08670B30E18C000D19F9 /* IOProxyVideoCardUserClient.h */ = {isa = PBXFileReference; fileEncoding = 4; lastKnownFileType = sourcecode.c.h; path = IOProxyVideoCardUserClient.h; sourceTree = "<group>"; };
		BA5A08680B30E18C000D19F9 /* IOProxyVideoCardUserClient.cpp */ = {isa = PBXFileReference; fileEncoding = 4; lastKnownFileType = sourcecode.cpp.cpp; path = IOProxyVideoCardUserClient.cpp; sourceTree = "<group>"; };
		BAA6579B0C9A6DF60023D201 /* main.m */ = {isa = PBXFileReference; fileEncoding = 30; lastKnownFileType = sourcecode.c.objc; path = main.m; sourceTree = "<group>"; };
		BAA6579C0C9A6DF60023D201 /* AppController.m */ = {isa = PBXFileReference; fileEncoding = 30; lastKnownFileType = sourcecode.c.objc; path = AppController.m; sourceTree = "<group>"; };
		BAA657A10C9A6E1E0023D201 /* English */ = {isa = PBXFileReference; fileEncoding = 30; lastKnownFileType = text.plist.strings; name = English; path = English.lproj/InfoPlist.strings; sourceTree = "<group>"; };
		BAA657A30C9A6E1E0023D201 /* English */ = {isa = PBXFileReference; lastKnownFileType = image.icns; name = English; path = English.lproj/jim.icns; sourceTree = "<group>"; };
		BAA657A50C9A6E1E0023D201 /* English */ = {isa = PBXFileReference; lastKnownFileType = wrapper.nib; name = English; path = English.lproj/MainMenu.nib; sourceTree = "<group>"; };
		BAA657A60C9A6E1E0023D201 /* Info.plist */ = {isa = PBXFileReference; fileEncoding = 30; lastKnownFileType = text.plist.xml; path = Info.plist; sourceTree = "<group>"; };
		BAA657AB0C9A6E280023D201 /* AppController.h */ = {isa = PBXFileReference; fileEncoding = 30; lastKnownFileType = sourcecode.c.h; path = AppController.h; sourceTree = "<group>"; };
		BABD858F0B349DF9005C0285 /* EDID.h */ = {isa = PBXFileReference; fileEncoding = 4; lastKnownFileType = sourcecode.c.h; path = EDID.h; sourceTree = "<group>"; };
/* End PBXFileReference section */

/* Begin PBXFrameworksBuildPhase section */
		32D94FCB0562CBF700B6AF17 /* Frameworks */ = {
			isa = PBXFrameworksBuildPhase;
			buildActionMask = 2147483647;
			files = (
			);
			runOnlyForDeploymentPostprocessing = 0;
		};
		92AA4C6719F2970E002EF2DC /* Frameworks */ = {
			isa = PBXFrameworksBuildPhase;
			buildActionMask = 2147483647;
			files = (
				92AA4CA319F297AF002EF2DC /* IOKit.framework in Frameworks */,
				92AA4C6B19F2970E002EF2DC /* Cocoa.framework in Frameworks */,
			);
			runOnlyForDeploymentPostprocessing = 0;
		};
/* End PBXFrameworksBuildPhase section */

/* Begin PBXGroup section */
		089C166AFE841209C02AAC07 /* IODummyVideoCard */ = {
			isa = PBXGroup;
			children = (
				BA5A01B30B30DF0C000D19F9 /* UserClientCommon.h */,
				BAA657990C9A6DD90023D201 /* ProxyControl Source */,
				BA193BDE0B30B52A005DA951 /* IODummyFramebuffer Source */,
				BA5A08560B30E0B0000D19F9 /* IODummyVideoCard Source */,
				BA5A01F60B30DFAC000D19F9 /* Frameworks */,
				19C28FB6FE9D52B211CA2CBB /* Products */,
			);
			name = IODummyVideoCard;
			sourceTree = "<group>";
		};
		19C28FB6FE9D52B211CA2CBB /* Products */ = {
			isa = PBXGroup;
			children = (
				32D94FD00562CBF700B6AF17 /* IOProxyVideoCard.kext */,
				92AA4C6A19F2970E002EF2DC /* ProxyControl.app */,
			);
			name = Products;
			sourceTree = "<group>";
		};
		92AA4C6C19F2970E002EF2DC /* Other Frameworks */ = {
			isa = PBXGroup;
			children = (
				92AA4C6D19F2970E002EF2DC /* AppKit.framework */,
				92AA4C6E19F2970E002EF2DC /* CoreData.framework */,
				92AA4C6F19F2970E002EF2DC /* Foundation.framework */,
			);
			name = "Other Frameworks";
			sourceTree = "<group>";
		};
		BA193BDE0B30B52A005DA951 /* IODummyFramebuffer Source */ = {
			isa = PBXGroup;
			children = (
				BA193BDF0B30B52A005DA951 /* Framebuffer-Info.plist */,
				BABD858F0B349DF9005C0285 /* EDID.h */,
				BA193BE10B30B550005DA951 /* IOProxyFramebuffer.h */,
				BA193BE20B30B550005DA951 /* IOProxyFramebuffer.cpp */,
			);
			path = "IODummyFramebuffer Source";
			sourceTree = "<group>";
		};
		BA5A01F60B30DFAC000D19F9 /* Frameworks */ = {
			isa = PBXGroup;
			children = (
				92AA4CA219F297AF002EF2DC /* IOKit.framework */,
				8DA8362C06AD9B9200E5AC22 /* Kernel.framework */,
				BA5A049B0B30DFC1000D19F9 /* IOKit.framework */,
				BA5A049C0B30DFC1000D19F9 /* ApplicationServices.framework */,
				BA5A049D0B30DFC1000D19F9 /* AppKit.framework */,
				BA5A049E0B30DFC1000D19F9 /* CoreData.framework */,
				BA5A049F0B30DFC1000D19F9 /* Foundation.framework */,
				BA5A04A00B30DFC1000D19F9 /* Cocoa.framework */,
				92AA4C8919F2970E002EF2DC /* XCTest.framework */,
				92AA4C6C19F2970E002EF2DC /* Other Frameworks */,
			);
			name = Frameworks;
			sourceTree = "<group>";
		};
		BA5A08560B30E0B0000D19F9 /* IODummyVideoCard Source */ = {
			isa = PBXGroup;
			children = (
				BA5A08570B30E0B0000D19F9 /* VideoCard-Info.plist */,
				BA5A08590B30E0B0000D19F9 /* IOProxyVideoCard.h */,
				BA5A08580B30E0B0000D19F9 /* IOProxyVideoCard.cpp */,
				BA5A08670B30E18C000D19F9 /* IOProxyVideoCardUserClient.h */,
				BA5A08680B30E18C000D19F9 /* IOProxyVideoCardUserClient.cpp */,
			);
			path = "IODummyVideoCard Source";
			sourceTree = "<group>";
		};
		BAA657990C9A6DD90023D201 /* ProxyControl Source */ = {
			isa = PBXGroup;
			children = (
				BAA6579B0C9A6DF60023D201 /* main.m */,
				BAA6579C0C9A6DF60023D201 /* AppController.m */,
				BAA657AB0C9A6E280023D201 /* AppController.h */,
				BAA6579F0C9A6E1E0023D201 /* Resources */,
			);
			name = "ProxyControl Source";
			sourceTree = "<group>";
		};
		BAA6579F0C9A6E1E0023D201 /* Resources */ = {
			isa = PBXGroup;
			children = (
				BAA657A00C9A6E1E0023D201 /* InfoPlist.strings */,
				BAA657A20C9A6E1E0023D201 /* jim.icns */,
				BAA657A40C9A6E1E0023D201 /* MainMenu.nib */,
				BAA657A60C9A6E1E0023D201 /* Info.plist */,
			);
			path = Resources;
			sourceTree = "<group>";
		};
/* End PBXGroup section */

/* Begin PBXHeadersBuildPhase section */
		32D94FC50562CBF700B6AF17 /* Headers */ = {
			isa = PBXHeadersBuildPhase;
			buildActionMask = 2147483647;
			files = (
				BA5A01B40B30DF0D000D19F9 /* UserClientCommon.h in Headers */,
				BA5A085C0B30E0B0000D19F9 /* IOProxyVideoCard.h in Headers */,
				BA5A08690B30E18C000D19F9 /* IOProxyVideoCardUserClient.h in Headers */,
			);
			runOnlyForDeploymentPostprocessing = 0;
		};
/* End PBXHeadersBuildPhase section */

/* Begin PBXNativeTarget section */
		32D94FC30562CBF700B6AF17 /* IOProxyVideoCard */ = {
			isa = PBXNativeTarget;
			buildConfigurationList = 1DEB91D908733DB10010E9CD /* Build configuration list for PBXNativeTarget "IOProxyVideoCard" */;
			buildPhases = (
				32D94FC50562CBF700B6AF17 /* Headers */,
				32D94FC70562CBF700B6AF17 /* Resources */,
				32D94FC90562CBF700B6AF17 /* Sources */,
				32D94FCB0562CBF700B6AF17 /* Frameworks */,
				32D94FCC0562CBF700B6AF17 /* Rez */,
			);
			buildRules = (
			);
			dependencies = (
			);
			name = IOProxyVideoCard;
			productInstallPath = "$(SYSTEM_LIBRARY_DIR)/Extensions";
			productName = IODummyVideoCard;
			productReference = 32D94FD00562CBF700B6AF17 /* IOProxyVideoCard.kext */;
			productType = "com.apple.product-type.kernel-extension.iokit";
		};
		92AA4C6919F2970E002EF2DC /* ProxyControl */ = {
			isa = PBXNativeTarget;
			buildConfigurationList = 92AA4C9A19F2970E002EF2DC /* Build configuration list for PBXNativeTarget "ProxyControl" */;
			buildPhases = (
				92AA4C6619F2970E002EF2DC /* Sources */,
				92AA4C6719F2970E002EF2DC /* Frameworks */,
				92AA4C6819F2970E002EF2DC /* Resources */,
			);
			buildRules = (
			);
			dependencies = (
			);
			name = ProxyControl;
			productName = ProxyControl;
			productReference = 92AA4C6A19F2970E002EF2DC /* ProxyControl.app */;
			productType = "com.apple.product-type.application";
		};
/* End PBXNativeTarget section */

/* Begin PBXProject section */
		089C1669FE841209C02AAC07 /* Project object */ = {
			isa = PBXProject;
			attributes = {
			};
			buildConfigurationList = 1DEB91DD08733DB10010E9CD /* Build configuration list for PBXProject "IOProxyVideoFamily" */;
			compatibilityVersion = "Xcode 2.4";
			developmentRegion = English;
			hasScannedForEncodings = 1;
			knownRegions = (
				en,
				Base,
			);
			mainGroup = 089C166AFE841209C02AAC07 /* IODummyVideoCard */;
			projectDirPath = "";
			projectRoot = "";
			targets = (
				32D94FC30562CBF700B6AF17 /* IOProxyVideoCard */,
				92AA4C6919F2970E002EF2DC /* ProxyControl */,
			);
		};
/* End PBXProject section */

/* Begin PBXResourcesBuildPhase section */
		32D94FC70562CBF700B6AF17 /* Resources */ = {
			isa = PBXResourcesBuildPhase;
			buildActionMask = 2147483647;
			files = (
				BA5A085A0B30E0B0000D19F9 /* VideoCard-Info.plist in Resources */,
			);
			runOnlyForDeploymentPostprocessing = 0;
		};
		92AA4C6819F2970E002EF2DC /* Resources */ = {
			isa = PBXResourcesBuildPhase;
			buildActionMask = 2147483647;
			files = (
				92AA4CA119F2972F002EF2DC /* InfoPlist.strings in Resources */,
				92AA4C9E19F29723002EF2DC /* MainMenu.nib in Resources */,
				92AA4CA019F2972B002EF2DC /* jim.icns in Resources */,
			);
			runOnlyForDeploymentPostprocessing = 0;
		};
/* End PBXResourcesBuildPhase section */

/* Begin PBXRezBuildPhase section */
		32D94FCC0562CBF700B6AF17 /* Rez */ = {
			isa = PBXRezBuildPhase;
			buildActionMask = 2147483647;
			files = (
			);
			runOnlyForDeploymentPostprocessing = 0;
		};
/* End PBXRezBuildPhase section */

/* Begin PBXSourcesBuildPhase section */
		32D94FC90562CBF700B6AF17 /* Sources */ = {
			isa = PBXSourcesBuildPhase;
			buildActionMask = 2147483647;
			files = (
				BA5A085B0B30E0B0000D19F9 /* IOProxyVideoCard.cpp in Sources */,
				BA5A086A0B30E18C000D19F9 /* IOProxyVideoCardUserClient.cpp in Sources */,
			);
			runOnlyForDeploymentPostprocessing = 0;
		};
		92AA4C6619F2970E002EF2DC /* Sources */ = {
			isa = PBXSourcesBuildPhase;
			buildActionMask = 2147483647;
			files = (
				92AA4C9C19F2971C002EF2DC /* main.m in Sources */,
				92AA4C9D19F2971C002EF2DC /* AppController.m in Sources */,
			);
			runOnlyForDeploymentPostprocessing = 0;
		};
/* End PBXSourcesBuildPhase section */

/* Begin PBXVariantGroup section */
		BAA657A00C9A6E1E0023D201 /* InfoPlist.strings */ = {
			isa = PBXVariantGroup;
			children = (
				BAA657A10C9A6E1E0023D201 /* English */,
			);
			name = InfoPlist.strings;
			sourceTree = "<group>";
		};
		BAA657A20C9A6E1E0023D201 /* jim.icns */ = {
			isa = PBXVariantGroup;
			children = (
				BAA657A30C9A6E1E0023D201 /* English */,
			);
			name = jim.icns;
			sourceTree = "<group>";
		};
		BAA657A40C9A6E1E0023D201 /* MainMenu.nib */ = {
			isa = PBXVariantGroup;
			children = (
				BAA657A50C9A6E1E0023D201 /* English */,
			);
			name = MainMenu.nib;
			sourceTree = "<group>";
		};
/* End PBXVariantGroup section */

/* Begin XCBuildConfiguration section */
		1DEB91DA08733DB10010E9CD /* Debug */ = {
			isa = XCBuildConfiguration;
			buildSettings = {
				ARCHS = "$(ARCHS_STANDARD)";
				COPY_PHASE_STRIP = NO;
				CURRENT_PROJECT_VERSION = 1.0.0d1;
				GCC_DYNAMIC_NO_PIC = NO;
				GCC_ENABLE_FIX_AND_CONTINUE = YES;
				GCC_MODEL_TUNING = G5;
				GCC_OPTIMIZATION_LEVEL = 0;
				INFOPLIST_FILE = "IODummyVideoCard Source/VideoCard-Info.plist";
				INFOPLIST_PREPROCESS = YES;
				INSTALL_PATH = "$(SYSTEM_LIBRARY_DIR)/Extensions";
				MODULE_NAME = com.doequalsglory.driver.IOProxyVideoCard;
				MODULE_VERSION = 1.0.0d1;
				PRODUCT_NAME = IOProxyVideoCard;
				SDKROOT = macosx;
				WRAPPER_EXTENSION = kext;
				ZERO_LINK = YES;
			};
			name = Debug;
		};
		1DEB91DB08733DB10010E9CD /* Release */ = {
			isa = XCBuildConfiguration;
			buildSettings = {
				ARCHS = "$(ARCHS_STANDARD)";
				CURRENT_PROJECT_VERSION = 1.0.0d1;
				GCC_GENERATE_DEBUGGING_SYMBOLS = NO;
				GCC_MODEL_TUNING = G5;
				INFOPLIST_FILE = "IODummyVideoCard Source/VideoCard-Info.plist";
				INFOPLIST_PREPROCESS = YES;
				INSTALL_PATH = "$(SYSTEM_LIBRARY_DIR)/Extensions";
				MODULE_NAME = com.doequalsglory.driver.IOProxyVideoCard;
				MODULE_VERSION = 1.0.0d1;
				PRODUCT_NAME = IOProxyVideoCard;
				SDKROOT = macosx;
				WRAPPER_EXTENSION = kext;
			};
			name = Release;
		};
		1DEB91DE08733DB10010E9CD /* Debug */ = {
			isa = XCBuildConfiguration;
			buildSettings = {
				GCC_WARN_ABOUT_RETURN_TYPE = YES;
				GCC_WARN_UNUSED_VARIABLE = YES;
				HEADER_SEARCH_PATHS = "$(PROJECT_DIR)/PrivateSystemHeaders";
				PREBINDING = NO;
				SDKROOT = macosx;
			};
			name = Debug;
		};
		1DEB91DF08733DB10010E9CD /* Release */ = {
			isa = XCBuildConfiguration;
			buildSettings = {
				GCC_WARN_ABOUT_RETURN_TYPE = YES;
				GCC_WARN_UNUSED_VARIABLE = YES;
				HEADER_SEARCH_PATHS = "$(PROJECT_DIR)/PrivateSystemHeaders";
				PREBINDING = NO;
				SDKROOT = macosx;
			};
			name = Release;
		};
		92AA4C9619F2970E002EF2DC /* Debug */ = {
			isa = XCBuildConfiguration;
			buildSettings = {
				ALWAYS_SEARCH_USER_PATHS = NO;
				ASSETCATALOG_COMPILER_APPICON_NAME = AppIcon;
				CLANG_CXX_LANGUAGE_STANDARD = "gnu++0x";
				CLANG_CXX_LIBRARY = "libc++";
				CLANG_ENABLE_MODULES = YES;
				CLANG_ENABLE_OBJC_ARC = NO;
				CLANG_WARN_BOOL_CONVERSION = YES;
				CLANG_WARN_CONSTANT_CONVERSION = YES;
				CLANG_WARN_DIRECT_OBJC_ISA_USAGE = YES_ERROR;
				CLANG_WARN_EMPTY_BODY = YES;
				CLANG_WARN_ENUM_CONVERSION = YES;
				CLANG_WARN_INT_CONVERSION = YES;
				CLANG_WARN_OBJC_ROOT_CLASS = YES_ERROR;
				CLANG_WARN__DUPLICATE_METHOD_MATCH = YES;
				COMBINE_HIDPI_IMAGES = YES;
				COPY_PHASE_STRIP = NO;
				GCC_C_LANGUAGE_STANDARD = gnu99;
				GCC_DYNAMIC_NO_PIC = NO;
				GCC_ENABLE_OBJC_EXCEPTIONS = YES;
				GCC_OPTIMIZATION_LEVEL = 0;
				GCC_PRECOMPILE_PREFIX_HEADER = YES;
				GCC_PREPROCESSOR_DEFINITIONS = (
					"DEBUG=1",
					"$(inherited)",
				);
				GCC_SYMBOLS_PRIVATE_EXTERN = NO;
				GCC_WARN_64_TO_32_BIT_CONVERSION = YES;
				GCC_WARN_ABOUT_RETURN_TYPE = YES_ERROR;
				GCC_WARN_UNDECLARED_SELECTOR = YES;
				GCC_WARN_UNINITIALIZED_AUTOS = YES_AGGRESSIVE;
				GCC_WARN_UNUSED_FUNCTION = YES;
				INFOPLIST_FILE = Resources/Info.plist;
				MACOSX_DEPLOYMENT_TARGET = 10.9;
				ONLY_ACTIVE_ARCH = YES;
				PRODUCT_NAME = "$(TARGET_NAME)";
				WRAPPER_EXTENSION = app;
			};
			name = Debug;
		};
		92AA4C9719F2970E002EF2DC /* Release */ = {
			isa = XCBuildConfiguration;
			buildSettings = {
				ALWAYS_SEARCH_USER_PATHS = NO;
				ASSETCATALOG_COMPILER_APPICON_NAME = AppIcon;
				CLANG_CXX_LANGUAGE_STANDARD = "gnu++0x";
				CLANG_CXX_LIBRARY = "libc++";
				CLANG_ENABLE_MODULES = YES;
				CLANG_ENABLE_OBJC_ARC = NO;
				CLANG_WARN_BOOL_CONVERSION = YES;
				CLANG_WARN_CONSTANT_CONVERSION = YES;
				CLANG_WARN_DIRECT_OBJC_ISA_USAGE = YES_ERROR;
				CLANG_WARN_EMPTY_BODY = YES;
				CLANG_WARN_ENUM_CONVERSION = YES;
				CLANG_WARN_INT_CONVERSION = YES;
				CLANG_WARN_OBJC_ROOT_CLASS = YES_ERROR;
				CLANG_WARN__DUPLICATE_METHOD_MATCH = YES;
				COMBINE_HIDPI_IMAGES = YES;
				COPY_PHASE_STRIP = YES;
				DEBUG_INFORMATION_FORMAT = "dwarf-with-dsym";
				ENABLE_NS_ASSERTIONS = NO;
				GCC_C_LANGUAGE_STANDARD = gnu99;
				GCC_ENABLE_OBJC_EXCEPTIONS = YES;
				GCC_PRECOMPILE_PREFIX_HEADER = YES;
				GCC_WARN_64_TO_32_BIT_CONVERSION = YES;
				GCC_WARN_ABOUT_RETURN_TYPE = YES_ERROR;
				GCC_WARN_UNDECLARED_SELECTOR = YES;
				GCC_WARN_UNINITIALIZED_AUTOS = YES_AGGRESSIVE;
				GCC_WARN_UNUSED_FUNCTION = YES;
				INFOPLIST_FILE = Resources/Info.plist;
				MACOSX_DEPLOYMENT_TARGET = 10.9;
				PRODUCT_NAME = "$(TARGET_NAME)";
				WRAPPER_EXTENSION = app;
			};
			name = Release;
		};
/* End XCBuildConfiguration section */

/* Begin XCConfigurationList section */
		1DEB91D908733DB10010E9CD /* Build configuration list for PBXNativeTarget "IOProxyVideoCard" */ = {
			isa = XCConfigurationList;
			buildConfigurations = (
				1DEB91DA08733DB10010E9CD /* Debug */,
				1DEB91DB08733DB10010E9CD /* Release */,
			);
			defaultConfigurationIsVisible = 0;
			defaultConfigurationName = Release;
		};
		1DEB91DD08733DB10010E9CD /* Build configuration list for PBXProject "IOProxyVideoFamily" */ = {
			isa = XCConfigurationList;
			buildConfigurations = (
				1DEB91DE08733DB10010E9CD /* Debug */,
				1DEB91DF08733DB10010E9CD /* Release */,
			);
			defaultConfigurationIsVisible = 0;
			defaultConfigurationName = Release;
		};
		92AA4C9A19F2970E002EF2DC /* Build configuration list for PBXNativeTarget "ProxyControl" */ = {
			isa = XCConfigurationList;
			buildConfigurations = (
				92AA4C9619F2970E002EF2DC /* Debug */,
				92AA4C9719F2970E002EF2DC /* Release */,
			);
			defaultConfigurationIsVisible = 0;
		};
/* End XCConfigurationList section */
	};
	rootObject = 089C1669FE841209C02AAC07 /* Project object */;
}
